
Microsoft Visual Studio Solution File, Format Version 12.00
# Visual Studio Version 17
VisualStudioVersion = 17.14.36109.1 d17.14
MinimumVisualStudioVersion = 10.0.40219.1
Project("{FAE04EC0-301F-11D3-BF4B-00C04F79EFBC}") = "Labs", "Labs\Labs.csproj", "{5A6EFC21-C239-4CBB-AF1C-FD224B9F23F2}"
EndProject
Global
	GlobalSection(SolutionConfigurationPlatforms) = preSolution
		Debug|Any CPU = Debug|Any CPU
		Release|Any CPU = Release|Any CPU
	EndGlobalSection
	GlobalSection(ProjectConfigurationPlatforms) = postSolution
		{5A6EFC21-C239-4CBB-AF1C-FD224B9F23F2}.Debug|Any CPU.ActiveCfg = Debug|Any CPU
		{5A6EFC21-C239-4CBB-AF1C-FD224B9F23F2}.Debug|Any CPU.Build.0 = Debug|Any CPU
		{5A6EFC21-C239-4CBB-AF1C-FD224B9F23F2}.Release|Any CPU.ActiveCfg = Release|Any CPU
		{5A6EFC21-C239-4CBB-AF1C-FD224B9F23F2}.Release|Any CPU.Build.0 = Release|Any CPU
	EndGlobalSection
	GlobalSection(SolutionProperties) = preSolution
		HideSolutionNode = FALSE
	EndGlobalSection
	GlobalSection(ExtensibilityGlobals) = postSolution
		SolutionGuid = {F9EC65CB-C12E-448B-8304-57363EC1FE45}
	EndGlobalSection
EndGlobal
